
Microsoft Visual Studio Solution File, Format Version 12.00
# Visual Studio 2013
VisualStudioVersion = 12.0.21005.1
MinimumVisualStudioVersion = 10.0.40219.1
Project("{F088123C-0E9E-452A-89E6-6BA2F21D5CAC}") = "ModelingProject_SALES", "ModelingProject_SALES\ModelingProject_SALES.modelproj", "{5B62AC1B-4A9D-4ECE-9D46-DF94AAC8AA82}"
EndProject
Project("{FAE04EC0-301F-11D3-BF4B-00C04F79EFBC}") = "CapaDatos", "CapaDatos\CapaDatos.csproj", "{EB1C8616-9CFC-4014-B0BC-435B71BCCB6A}"
EndProject
Project("{FAE04EC0-301F-11D3-BF4B-00C04F79EFBC}") = "CapaEntidad", "CapaEntidad\CapaEntidad.csproj", "{594B4A68-7DD2-42EE-9100-99EB4381B1D0}"
EndProject
Project("{FAE04EC0-301F-11D3-BF4B-00C04F79EFBC}") = "CapaNegocio", "CapaNegocio\CapaNegocio.csproj", "{1C61AA34-3253-410A-9CB9-314902B91F57}"
EndProject
Project("{FAE04EC0-301F-11D3-BF4B-00C04F79EFBC}") = "sales", "sales\sales.csproj", "{52A9AA12-A655-4149-BDB7-8818ECF983C9}"
EndProject
Global
	GlobalSection(SolutionConfigurationPlatforms) = preSolution
		Debug|Any CPU = Debug|Any CPU
		Release|Any CPU = Release|Any CPU
	EndGlobalSection
	GlobalSection(ProjectConfigurationPlatforms) = postSolution
		{5B62AC1B-4A9D-4ECE-9D46-DF94AAC8AA82}.Debug|Any CPU.ActiveCfg = Debug|Any CPU
		{5B62AC1B-4A9D-4ECE-9D46-DF94AAC8AA82}.Debug|Any CPU.Build.0 = Debug|Any CPU
		{5B62AC1B-4A9D-4ECE-9D46-DF94AAC8AA82}.Release|Any CPU.ActiveCfg = Release|Any CPU
		{5B62AC1B-4A9D-4ECE-9D46-DF94AAC8AA82}.Release|Any CPU.Build.0 = Release|Any CPU
		{EB1C8616-9CFC-4014-B0BC-435B71BCCB6A}.Debug|Any CPU.ActiveCfg = Debug|Any CPU
		{EB1C8616-9CFC-4014-B0BC-435B71BCCB6A}.Debug|Any CPU.Build.0 = Debug|Any CPU
		{EB1C8616-9CFC-4014-B0BC-435B71BCCB6A}.Release|Any CPU.ActiveCfg = Release|Any CPU
		{EB1C8616-9CFC-4014-B0BC-435B71BCCB6A}.Release|Any CPU.Build.0 = Release|Any CPU
		{594B4A68-7DD2-42EE-9100-99EB4381B1D0}.Debug|Any CPU.ActiveCfg = Debug|Any CPU
		{594B4A68-7DD2-42EE-9100-99EB4381B1D0}.Debug|Any CPU.Build.0 = Debug|Any CPU
		{594B4A68-7DD2-42EE-9100-99EB4381B1D0}.Release|Any CPU.ActiveCfg = Release|Any CPU
		{594B4A68-7DD2-42EE-9100-99EB4381B1D0}.Release|Any CPU.Build.0 = Release|Any CPU
		{1C61AA34-3253-410A-9CB9-314902B91F57}.Debug|Any CPU.ActiveCfg = Debug|Any CPU
		{1C61AA34-3253-410A-9CB9-314902B91F57}.Debug|Any CPU.Build.0 = Debug|Any CPU
		{1C61AA34-3253-410A-9CB9-314902B91F57}.Release|Any CPU.ActiveCfg = Release|Any CPU
		{1C61AA34-3253-410A-9CB9-314902B91F57}.Release|Any CPU.Build.0 = Release|Any CPU
		{52A9AA12-A655-4149-BDB7-8818ECF983C9}.Debug|Any CPU.ActiveCfg = Debug|Any CPU
		{52A9AA12-A655-4149-BDB7-8818ECF983C9}.Debug|Any CPU.Build.0 = Debug|Any CPU
		{52A9AA12-A655-4149-BDB7-8818ECF983C9}.Release|Any CPU.ActiveCfg = Release|Any CPU
		{52A9AA12-A655-4149-BDB7-8818ECF983C9}.Release|Any CPU.Build.0 = Release|Any CPU
	EndGlobalSection
	GlobalSection(SolutionProperties) = preSolution
		HideSolutionNode = FALSE
	EndGlobalSection
EndGlobal
